{
  "name": "tyd3",
  "version": "1.0.0",
  "lockfileVersion": 1,
  "requires": true,
  "dependencies": {
    "deeks": {
      "version": "2.2.6",
      "resolved": "https://registry.npmjs.org/deeks/-/deeks-2.2.6.tgz",
      "integrity": "sha512-KlfWy96oUxxfAEC8q8QVoik++6yWsTYT9Cm5S6nUddLciZaOy7WDfcFbVCyeHKFO44ptWxtz7sQd9Upm4SGf4g=="
    },
    "doc-path": {
      "version": "2.0.4",
      "resolved": "https://registry.npmjs.org/doc-path/-/doc-path-2.0.4.tgz",
      "integrity": "sha512-y/Q1mjxFks4hvNv1KZkkuTZ6lx9zxLtldKf5GsMTdIXF4gNAOaXZ3YxrgHg/uO7JSME1xw/+G7fZ7/Dj/Ss88g=="
    },
    "json-2-csv": {
      "version": "3.7.6",
      "resolved": "https://registry.npmjs.org/json-2-csv/-/json-2-csv-3.7.6.tgz",
      "integrity": "sha512-um9bT7CgI77f/m5G/V5uRKz9UruFQFijD5Fh+EAnr5QowOJpdIk1ya37KSq1MxjBnJgvmpqCnI7ZjsvyTYiW0w==",
      "requires": {
        "deeks": "2.2.6",
        "doc-path": "2.0.4"
      }
    }
  }
}
