
Microsoft Visual Studio Solution File, Format Version 12.00
# Visual Studio 15
VisualStudioVersion = 15.0.26124.0
MinimumVisualStudioVersion = 15.0.26124.0
Project("{FAE04EC0-301F-11D3-BF4B-00C04F79EFBC}") = "StockMarket.DataAccess", "StockMarket.DataAccess\StockMarket.DataAccess.csproj", "{1E1C28B4-CF0E-455F-8E0F-1B44B4568710}"
EndProject
Project("{FAE04EC0-301F-11D3-BF4B-00C04F79EFBC}") = "StockMarket.Entities", "StockMarket.Entities\StockMarket.Entities.csproj", "{5D26EC27-2280-4DAD-9154-C1FBD1D68ECF}"
EndProject
Project("{FAE04EC0-301F-11D3-BF4B-00C04F79EFBC}") = "StockMarket.Function", "StockMarket.Function\StockMarket.Function.csproj", "{9D2A9A73-166B-46CB-A5B2-3DBBAA7B0DD1}"
EndProject
Global
	GlobalSection(SolutionConfigurationPlatforms) = preSolution
		Debug|Any CPU = Debug|Any CPU
		Debug|x64 = Debug|x64
		Debug|x86 = Debug|x86
		Release|Any CPU = Release|Any CPU
		Release|x64 = Release|x64
		Release|x86 = Release|x86
	EndGlobalSection
	GlobalSection(SolutionProperties) = preSolution
		HideSolutionNode = FALSE
	EndGlobalSection
	GlobalSection(ProjectConfigurationPlatforms) = postSolution
		{1E1C28B4-CF0E-455F-8E0F-1B44B4568710}.Debug|Any CPU.ActiveCfg = Debug|Any CPU
		{1E1C28B4-CF0E-455F-8E0F-1B44B4568710}.Debug|Any CPU.Build.0 = Debug|Any CPU
		{1E1C28B4-CF0E-455F-8E0F-1B44B4568710}.Debug|x64.ActiveCfg = Debug|Any CPU
		{1E1C28B4-CF0E-455F-8E0F-1B44B4568710}.Debug|x64.Build.0 = Debug|Any CPU
		{1E1C28B4-CF0E-455F-8E0F-1B44B4568710}.Debug|x86.ActiveCfg = Debug|Any CPU
		{1E1C28B4-CF0E-455F-8E0F-1B44B4568710}.Debug|x86.Build.0 = Debug|Any CPU
		{1E1C28B4-CF0E-455F-8E0F-1B44B4568710}.Release|Any CPU.ActiveCfg = Release|Any CPU
		{1E1C28B4-CF0E-455F-8E0F-1B44B4568710}.Release|Any CPU.Build.0 = Release|Any CPU
		{1E1C28B4-CF0E-455F-8E0F-1B44B4568710}.Release|x64.ActiveCfg = Release|Any CPU
		{1E1C28B4-CF0E-455F-8E0F-1B44B4568710}.Release|x64.Build.0 = Release|Any CPU
		{1E1C28B4-CF0E-455F-8E0F-1B44B4568710}.Release|x86.ActiveCfg = Release|Any CPU
		{1E1C28B4-CF0E-455F-8E0F-1B44B4568710}.Release|x86.Build.0 = Release|Any CPU
		{5D26EC27-2280-4DAD-9154-C1FBD1D68ECF}.Debug|Any CPU.ActiveCfg = Debug|Any CPU
		{5D26EC27-2280-4DAD-9154-C1FBD1D68ECF}.Debug|Any CPU.Build.0 = Debug|Any CPU
		{5D26EC27-2280-4DAD-9154-C1FBD1D68ECF}.Debug|x64.ActiveCfg = Debug|Any CPU
		{5D26EC27-2280-4DAD-9154-C1FBD1D68ECF}.Debug|x64.Build.0 = Debug|Any CPU
		{5D26EC27-2280-4DAD-9154-C1FBD1D68ECF}.Debug|x86.ActiveCfg = Debug|Any CPU
		{5D26EC27-2280-4DAD-9154-C1FBD1D68ECF}.Debug|x86.Build.0 = Debug|Any CPU
		{5D26EC27-2280-4DAD-9154-C1FBD1D68ECF}.Release|Any CPU.ActiveCfg = Release|Any CPU
		{5D26EC27-2280-4DAD-9154-C1FBD1D68ECF}.Release|Any CPU.Build.0 = Release|Any CPU
		{5D26EC27-2280-4DAD-9154-C1FBD1D68ECF}.Release|x64.ActiveCfg = Release|Any CPU
		{5D26EC27-2280-4DAD-9154-C1FBD1D68ECF}.Release|x64.Build.0 = Release|Any CPU
		{5D26EC27-2280-4DAD-9154-C1FBD1D68ECF}.Release|x86.ActiveCfg = Release|Any CPU
		{5D26EC27-2280-4DAD-9154-C1FBD1D68ECF}.Release|x86.Build.0 = Release|Any CPU
		{9D2A9A73-166B-46CB-A5B2-3DBBAA7B0DD1}.Debug|Any CPU.ActiveCfg = Debug|Any CPU
		{9D2A9A73-166B-46CB-A5B2-3DBBAA7B0DD1}.Debug|Any CPU.Build.0 = Debug|Any CPU
		{9D2A9A73-166B-46CB-A5B2-3DBBAA7B0DD1}.Debug|x64.ActiveCfg = Debug|Any CPU
		{9D2A9A73-166B-46CB-A5B2-3DBBAA7B0DD1}.Debug|x64.Build.0 = Debug|Any CPU
		{9D2A9A73-166B-46CB-A5B2-3DBBAA7B0DD1}.Debug|x86.ActiveCfg = Debug|Any CPU
		{9D2A9A73-166B-46CB-A5B2-3DBBAA7B0DD1}.Debug|x86.Build.0 = Debug|Any CPU
		{9D2A9A73-166B-46CB-A5B2-3DBBAA7B0DD1}.Release|Any CPU.ActiveCfg = Release|Any CPU
		{9D2A9A73-166B-46CB-A5B2-3DBBAA7B0DD1}.Release|Any CPU.Build.0 = Release|Any CPU
		{9D2A9A73-166B-46CB-A5B2-3DBBAA7B0DD1}.Release|x64.ActiveCfg = Release|Any CPU
		{9D2A9A73-166B-46CB-A5B2-3DBBAA7B0DD1}.Release|x64.Build.0 = Release|Any CPU
		{9D2A9A73-166B-46CB-A5B2-3DBBAA7B0DD1}.Release|x86.ActiveCfg = Release|Any CPU
		{9D2A9A73-166B-46CB-A5B2-3DBBAA7B0DD1}.Release|x86.Build.0 = Release|Any CPU
	EndGlobalSection
EndGlobal
